
Microsoft Visual Studio Solution File, Format Version 12.00
# Visual Studio Version 16
VisualStudioVersion = 16.0.31729.503
MinimumVisualStudioVersion = 10.0.40219.1
Project("{FAE04EC0-301F-11D3-BF4B-00C04F79EFBC}") = "Games", "Games\Games.csproj", "{5DA250E4-4105-465C-B4CC-5CE55B305B62}"
EndProject
Project("{2150E333-8FDC-42A3-9474-1A3956D46DE8}") = "Solution Items", "Solution Items", "{B669D614-C8C1-4EF0-8298-85ABF70C7A8D}"
	ProjectSection(SolutionItems) = preProject
		ReadMe.md = ReadMe.md
	EndProjectSection
EndProject
Project("{FAE04EC0-301F-11D3-BF4B-00C04F79EFBC}") = "WinTank", "WinTank\WinTank.csproj", "{3C005152-5A16-47B3-A8C7-FC1F90B14A4C}"
EndProject
Global
	GlobalSection(SolutionConfigurationPlatforms) = preSolution
		Debug|Any CPU = Debug|Any CPU
		Release|Any CPU = Release|Any CPU
	EndGlobalSection
	GlobalSection(ProjectConfigurationPlatforms) = postSolution
		{5DA250E4-4105-465C-B4CC-5CE55B305B62}.Debug|Any CPU.ActiveCfg = Debug|Any CPU
		{5DA250E4-4105-465C-B4CC-5CE55B305B62}.Debug|Any CPU.Build.0 = Debug|Any CPU
		{5DA250E4-4105-465C-B4CC-5CE55B305B62}.Release|Any CPU.ActiveCfg = Release|Any CPU
		{5DA250E4-4105-465C-B4CC-5CE55B305B62}.Release|Any CPU.Build.0 = Release|Any CPU
		{3C005152-5A16-47B3-A8C7-FC1F90B14A4C}.Debug|Any CPU.ActiveCfg = Debug|Any CPU
		{3C005152-5A16-47B3-A8C7-FC1F90B14A4C}.Debug|Any CPU.Build.0 = Debug|Any CPU
		{3C005152-5A16-47B3-A8C7-FC1F90B14A4C}.Release|Any CPU.ActiveCfg = Release|Any CPU
		{3C005152-5A16-47B3-A8C7-FC1F90B14A4C}.Release|Any CPU.Build.0 = Release|Any CPU
	EndGlobalSection
	GlobalSection(SolutionProperties) = preSolution
		HideSolutionNode = FALSE
	EndGlobalSection
	GlobalSection(ExtensibilityGlobals) = postSolution
		SolutionGuid = {911BB243-4098-4AA7-8895-4AC62A294292}
	EndGlobalSection
EndGlobal
